// !$*UTF8*$!
{
	archiveVersion = 1;
	classes = {
	};
	objectVersion = 50;
	objects = {

/* Begin PBXBuildFile section */
		11037C1C25C1FCC10087190F /* TransitionDriver.swift in Sources */ = {isa = PBXBuildFile; fileRef = 11037C1B25C1FCC10087190F /* TransitionDriver.swift */; };
		11037C2025C205240087190F /* CGPoint+Velocity.swift in Sources */ = {isa = PBXBuildFile; fileRef = 11037C1F25C205240087190F /* CGPoint+Velocity.swift */; };
		111CBA1C25B5FBDA005EED7E /* AppDelegate.swift in Sources */ = {isa = PBXBuildFile; fileRef = 111CBA1B25B5FBDA005EED7E /* AppDelegate.swift */; };
		111CBA2025B5FBDA005EED7E /* PanelDrawerController.swift in Sources */ = {isa = PBXBuildFile; fileRef = 111CBA1F25B5FBDA005EED7E /* PanelDrawerController.swift */; };
		111CBA2325B5FBDA005EED7E /* PanelDrawer.storyboard in Resources */ = {isa = PBXBuildFile; fileRef = 111CBA2125B5FBDA005EED7E /* PanelDrawer.storyboard */; };
		111CBA2525B5FBDA005EED7E /* Assets.xcassets in Resources */ = {isa = PBXBuildFile; fileRef = 111CBA2425B5FBDA005EED7E /* Assets.xcassets */; };
		111CBA2825B5FBDA005EED7E /* LaunchScreen.storyboard in Resources */ = {isa = PBXBuildFile; fileRef = 111CBA2625B5FBDA005EED7E /* LaunchScreen.storyboard */; };
		112460F625C089DD00A4944D /* RootExample.storyboard in Resources */ = {isa = PBXBuildFile; fileRef = 112460F525C089DD00A4944D /* RootExample.storyboard */; };
		112460FF25C094CC00A4944D /* RootExampleViewController.swift in Sources */ = {isa = PBXBuildFile; fileRef = 112460FE25C094CC00A4944D /* RootExampleViewController.swift */; };
		1124610625C097FC00A4944D /* PanelTransition.swift in Sources */ = {isa = PBXBuildFile; fileRef = 1124610525C097FC00A4944D /* PanelTransition.swift */; };
		1124610A25C0984A00A4944D /* PresentationController.swift in Sources */ = {isa = PBXBuildFile; fileRef = 1124610925C0984A00A4944D /* PresentationController.swift */; };
		1124611025C09CFA00A4944D /* AnotherViewController.swift in Sources */ = {isa = PBXBuildFile; fileRef = 1124610F25C09CFA00A4944D /* AnotherViewController.swift */; };
		1124611425C09DCC00A4944D /* PresentAnimation.swift in Sources */ = {isa = PBXBuildFile; fileRef = 1124611325C09DCC00A4944D /* PresentAnimation.swift */; };
		1124611725C09F8600A4944D /* DismissAnimation.swift in Sources */ = {isa = PBXBuildFile; fileRef = 1124611625C09F8600A4944D /* DismissAnimation.swift */; };
		11CF3C6925B63FF800825EFF /* TableExample.storyboard in Resources */ = {isa = PBXBuildFile; fileRef = 11CF3C6825B63FF800825EFF /* TableExample.storyboard */; };
		11CF3C6C25B6400F00825EFF /* TableExampleController.swift in Sources */ = {isa = PBXBuildFile; fileRef = 11CF3C6B25B6400F00825EFF /* TableExampleController.swift */; };
/* End PBXBuildFile section */

/* Begin PBXFileReference section */
		11037C1B25C1FCC10087190F /* TransitionDriver.swift */ = {isa = PBXFileReference; lastKnownFileType = sourcecode.swift; path = TransitionDriver.swift; sourceTree = "<group>"; };
		11037C1F25C205240087190F /* CGPoint+Velocity.swift */ = {isa = PBXFileReference; lastKnownFileType = sourcecode.swift; path = "CGPoint+Velocity.swift"; sourceTree = "<group>"; };
		111CBA1825B5FBDA005EED7E /* PanelDrawer.app */ = {isa = PBXFileReference; explicitFileType = wrapper.application; includeInIndex = 0; path = PanelDrawer.app; sourceTree = BUILT_PRODUCTS_DIR; };
		111CBA1B25B5FBDA005EED7E /* AppDelegate.swift */ = {isa = PBXFileReference; lastKnownFileType = sourcecode.swift; path = AppDelegate.swift; sourceTree = "<group>"; };
		111CBA1F25B5FBDA005EED7E /* PanelDrawerController.swift */ = {isa = PBXFileReference; lastKnownFileType = sourcecode.swift; path = PanelDrawerController.swift; sourceTree = "<group>"; };
		111CBA2225B5FBDA005EED7E /* Base */ = {isa = PBXFileReference; lastKnownFileType = file.storyboard; name = Base; path = Base.lproj/PanelDrawer.storyboard; sourceTree = "<group>"; };
		111CBA2425B5FBDA005EED7E /* Assets.xcassets */ = {isa = PBXFileReference; lastKnownFileType = folder.assetcatalog; path = Assets.xcassets; sourceTree = "<group>"; };
		111CBA2725B5FBDA005EED7E /* Base */ = {isa = PBXFileReference; lastKnownFileType = file.storyboard; name = Base; path = Base.lproj/LaunchScreen.storyboard; sourceTree = "<group>"; };
		111CBA2925B5FBDA005EED7E /* Info.plist */ = {isa = PBXFileReference; lastKnownFileType = text.plist.xml; path = Info.plist; sourceTree = "<group>"; };
		112460F525C089DD00A4944D /* RootExample.storyboard */ = {isa = PBXFileReference; lastKnownFileType = file.storyboard; path = RootExample.storyboard; sourceTree = "<group>"; };
		112460FE25C094CC00A4944D /* RootExampleViewController.swift */ = {isa = PBXFileReference; lastKnownFileType = sourcecode.swift; path = RootExampleViewController.swift; sourceTree = "<group>"; };
		1124610525C097FC00A4944D /* PanelTransition.swift */ = {isa = PBXFileReference; lastKnownFileType = sourcecode.swift; path = PanelTransition.swift; sourceTree = "<group>"; };
		1124610925C0984A00A4944D /* PresentationController.swift */ = {isa = PBXFileReference; lastKnownFileType = sourcecode.swift; path = PresentationController.swift; sourceTree = "<group>"; };
		1124610F25C09CFA00A4944D /* AnotherViewController.swift */ = {isa = PBXFileReference; lastKnownFileType = sourcecode.swift; path = AnotherViewController.swift; sourceTree = "<group>"; };
		1124611325C09DCC00A4944D /* PresentAnimation.swift */ = {isa = PBXFileReference; lastKnownFileType = sourcecode.swift; path = PresentAnimation.swift; sourceTree = "<group>"; };
		1124611625C09F8600A4944D /* DismissAnimation.swift */ = {isa = PBXFileReference; lastKnownFileType = sourcecode.swift; path = DismissAnimation.swift; sourceTree = "<group>"; };
		11CF3C6825B63FF800825EFF /* TableExample.storyboard */ = {isa = PBXFileReference; lastKnownFileType = file.storyboard; path = TableExample.storyboard; sourceTree = "<group>"; };
		11CF3C6B25B6400F00825EFF /* TableExampleController.swift */ = {isa = PBXFileReference; lastKnownFileType = sourcecode.swift; path = TableExampleController.swift; sourceTree = "<group>"; };
/* End PBXFileReference section */

/* Begin PBXFrameworksBuildPhase section */
		111CBA1525B5FBDA005EED7E /* Frameworks */ = {
			isa = PBXFrameworksBuildPhase;
			buildActionMask = 2147483647;
			files = (
			);
			runOnlyForDeploymentPostprocessing = 0;
		};
/* End PBXFrameworksBuildPhase section */

/* Begin PBXGroup section */
		11037C1E25C2050D0087190F /* Extensions */ = {
			isa = PBXGroup;
			children = (
				11037C1F25C205240087190F /* CGPoint+Velocity.swift */,
			);
			path = Extensions;
			sourceTree = "<group>";
		};
		111CBA0F25B5FBDA005EED7E = {
			isa = PBXGroup;
			children = (
				111CBA1A25B5FBDA005EED7E /* PanelDrawer */,
				111CBA1925B5FBDA005EED7E /* Products */,
			);
			sourceTree = "<group>";
		};
		111CBA1925B5FBDA005EED7E /* Products */ = {
			isa = PBXGroup;
			children = (
				111CBA1825B5FBDA005EED7E /* PanelDrawer.app */,
			);
			name = Products;
			sourceTree = "<group>";
		};
		111CBA1A25B5FBDA005EED7E /* PanelDrawer */ = {
			isa = PBXGroup;
			children = (
				11037C1E25C2050D0087190F /* Extensions */,
				112460F225C088CA00A4944D /* Components */,
				112460F025C088A900A4944D /* Example */,
				111CBA1B25B5FBDA005EED7E /* AppDelegate.swift */,
				111CBA2425B5FBDA005EED7E /* Assets.xcassets */,
				111CBA2625B5FBDA005EED7E /* LaunchScreen.storyboard */,
				111CBA2925B5FBDA005EED7E /* Info.plist */,
			);
			path = PanelDrawer;
			sourceTree = "<group>";
		};
		111CBA3325B5FE49005EED7E /* PanelDrawer */ = {
			isa = PBXGroup;
			children = (
				111CBA1F25B5FBDA005EED7E /* PanelDrawerController.swift */,
				111CBA2125B5FBDA005EED7E /* PanelDrawer.storyboard */,
			);
			path = PanelDrawer;
			sourceTree = "<group>";
		};
		112460F025C088A900A4944D /* Example */ = {
			isa = PBXGroup;
			children = (
				112460F425C0892100A4944D /* RootExample */,
				11CF3C6725B63FE100825EFF /* TableExample */,
			);
			path = Example;
			sourceTree = "<group>";
		};
		112460F225C088CA00A4944D /* Components */ = {
			isa = PBXGroup;
			children = (
				111CBA3325B5FE49005EED7E /* PanelDrawer */,
				1124610425C097E400A4944D /* PanelTransition */,
			);
			path = Components;
			sourceTree = "<group>";
		};
		112460F425C0892100A4944D /* RootExample */ = {
			isa = PBXGroup;
			children = (
				112460F525C089DD00A4944D /* RootExample.storyboard */,
				112460FE25C094CC00A4944D /* RootExampleViewController.swift */,
				1124610F25C09CFA00A4944D /* AnotherViewController.swift */,
			);
			path = RootExample;
			sourceTree = "<group>";
		};
		1124610425C097E400A4944D /* PanelTransition */ = {
			isa = PBXGroup;
			children = (
				1124611225C09DB400A4944D /* Animation */,
				1124610525C097FC00A4944D /* PanelTransition.swift */,
				1124610925C0984A00A4944D /* PresentationController.swift */,
				11037C1B25C1FCC10087190F /* TransitionDriver.swift */,
			);
			path = PanelTransition;
			sourceTree = "<group>";
		};
		1124611225C09DB400A4944D /* Animation */ = {
			isa = PBXGroup;
			children = (
				1124611325C09DCC00A4944D /* PresentAnimation.swift */,
				1124611625C09F8600A4944D /* DismissAnimation.swift */,
			);
			path = Animation;
			sourceTree = "<group>";
		};
		11CF3C6725B63FE100825EFF /* TableExample */ = {
			isa = PBXGroup;
			children = (
				11CF3C6825B63FF800825EFF /* TableExample.storyboard */,
				11CF3C6B25B6400F00825EFF /* TableExampleController.swift */,
			);
			path = TableExample;
			sourceTree = "<group>";
		};
/* End PBXGroup section */

/* Begin PBXNativeTarget section */
		111CBA1725B5FBDA005EED7E /* PanelDrawer */ = {
			isa = PBXNativeTarget;
			buildConfigurationList = 111CBA2C25B5FBDA005EED7E /* Build configuration list for PBXNativeTarget "PanelDrawer" */;
			buildPhases = (
				111CBA1425B5FBDA005EED7E /* Sources */,
				111CBA1525B5FBDA005EED7E /* Frameworks */,
				111CBA1625B5FBDA005EED7E /* Resources */,
			);
			buildRules = (
			);
			dependencies = (
			);
			name = PanelDrawer;
			productName = PanelDrawer;
			productReference = 111CBA1825B5FBDA005EED7E /* PanelDrawer.app */;
			productType = "com.apple.product-type.application";
		};
/* End PBXNativeTarget section */

/* Begin PBXProject section */
		111CBA1025B5FBDA005EED7E /* Project object */ = {
			isa = PBXProject;
			attributes = {
				LastSwiftUpdateCheck = 1230;
				LastUpgradeCheck = 1230;
				TargetAttributes = {
					111CBA1725B5FBDA005EED7E = {
						CreatedOnToolsVersion = 12.3;
					};
				};
			};
			buildConfigurationList = 111CBA1325B5FBDA005EED7E /* Build configuration list for PBXProject "PanelDrawer" */;
			compatibilityVersion = "Xcode 9.3";
			developmentRegion = en;
			hasScannedForEncodings = 0;
			knownRegions = (
				en,
				Base,
			);
			mainGroup = 111CBA0F25B5FBDA005EED7E;
			productRefGroup = 111CBA1925B5FBDA005EED7E /* Products */;
			projectDirPath = "";
			projectRoot = "";
			targets = (
				111CBA1725B5FBDA005EED7E /* PanelDrawer */,
			);
		};
/* End PBXProject section */

/* Begin PBXResourcesBuildPhase section */
		111CBA1625B5FBDA005EED7E /* Resources */ = {
			isa = PBXResourcesBuildPhase;
			buildActionMask = 2147483647;
			files = (
				111CBA2825B5FBDA005EED7E /* LaunchScreen.storyboard in Resources */,
				112460F625C089DD00A4944D /* RootExample.storyboard in Resources */,
				111CBA2525B5FBDA005EED7E /* Assets.xcassets in Resources */,
				11CF3C6925B63FF800825EFF /* TableExample.storyboard in Resources */,
				111CBA2325B5FBDA005EED7E /* PanelDrawer.storyboard in Resources */,
			);
			runOnlyForDeploymentPostprocessing = 0;
		};
/* End PBXResourcesBuildPhase section */

/* Begin PBXSourcesBuildPhase section */
		111CBA1425B5FBDA005EED7E /* Sources */ = {
			isa = PBXSourcesBuildPhase;
			buildActionMask = 2147483647;
			files = (
				111CBA2025B5FBDA005EED7E /* PanelDrawerController.swift in Sources */,
				1124611725C09F8600A4944D /* DismissAnimation.swift in Sources */,
				112460FF25C094CC00A4944D /* RootExampleViewController.swift in Sources */,
				111CBA1C25B5FBDA005EED7E /* AppDelegate.swift in Sources */,
				1124610625C097FC00A4944D /* PanelTransition.swift in Sources */,
				11CF3C6C25B6400F00825EFF /* TableExampleController.swift in Sources */,
				11037C1C25C1FCC10087190F /* TransitionDriver.swift in Sources */,
				1124611025C09CFA00A4944D /* AnotherViewController.swift in Sources */,
				1124611425C09DCC00A4944D /* PresentAnimation.swift in Sources */,
				11037C2025C205240087190F /* CGPoint+Velocity.swift in Sources */,
				1124610A25C0984A00A4944D /* PresentationController.swift in Sources */,
			);
			runOnlyForDeploymentPostprocessing = 0;
		};
/* End PBXSourcesBuildPhase section */

/* Begin PBXVariantGroup section */
		111CBA2125B5FBDA005EED7E /* PanelDrawer.storyboard */ = {
			isa = PBXVariantGroup;
			children = (
				111CBA2225B5FBDA005EED7E /* Base */,
			);
			name = PanelDrawer.storyboard;
			sourceTree = "<group>";
		};
		111CBA2625B5FBDA005EED7E /* LaunchScreen.storyboard */ = {
			isa = PBXVariantGroup;
			children = (
				111CBA2725B5FBDA005EED7E /* Base */,
			);
			name = LaunchScreen.storyboard;
			sourceTree = "<group>";
		};
/* End PBXVariantGroup section */

/* Begin XCBuildConfiguration section */
		111CBA2A25B5FBDA005EED7E /* Debug */ = {
			isa = XCBuildConfiguration;
			buildSettings = {
				ALWAYS_SEARCH_USER_PATHS = NO;
				CLANG_ANALYZER_NONNULL = YES;
				CLANG_ANALYZER_NUMBER_OBJECT_CONVERSION = YES_AGGRESSIVE;
				CLANG_CXX_LANGUAGE_STANDARD = "gnu++14";
				CLANG_CXX_LIBRARY = "libc++";
				CLANG_ENABLE_MODULES = YES;
				CLANG_ENABLE_OBJC_ARC = YES;
				CLANG_ENABLE_OBJC_WEAK = YES;
				CLANG_WARN_BLOCK_CAPTURE_AUTORELEASING = YES;
				CLANG_WARN_BOOL_CONVERSION = YES;
				CLANG_WARN_COMMA = YES;
				CLANG_WARN_CONSTANT_CONVERSION = YES;
				CLANG_WARN_DEPRECATED_OBJC_IMPLEMENTATIONS = YES;
				CLANG_WARN_DIRECT_OBJC_ISA_USAGE = YES_ERROR;
				CLANG_WARN_DOCUMENTATION_COMMENTS = YES;
				CLANG_WARN_EMPTY_BODY = YES;
				CLANG_WARN_ENUM_CONVERSION = YES;
				CLANG_WARN_INFINITE_RECURSION = YES;
				CLANG_WARN_INT_CONVERSION = YES;
				CLANG_WARN_NON_LITERAL_NULL_CONVERSION = YES;
				CLANG_WARN_OBJC_IMPLICIT_RETAIN_SELF = YES;
				CLANG_WARN_OBJC_LITERAL_CONVERSION = YES;
				CLANG_WARN_OBJC_ROOT_CLASS = YES_ERROR;
				CLANG_WARN_QUOTED_INCLUDE_IN_FRAMEWORK_HEADER = YES;
				CLANG_WARN_RANGE_LOOP_ANALYSIS = YES;
				CLANG_WARN_STRICT_PROTOTYPES = YES;
				CLANG_WARN_SUSPICIOUS_MOVE = YES;
				CLANG_WARN_UNGUARDED_AVAILABILITY = YES_AGGRESSIVE;
				CLANG_WARN_UNREACHABLE_CODE = YES;
				CLANG_WARN__DUPLICATE_METHOD_MATCH = YES;
				COPY_PHASE_STRIP = NO;
				DEBUG_INFORMATION_FORMAT = dwarf;
				ENABLE_STRICT_OBJC_MSGSEND = YES;
				ENABLE_TESTABILITY = YES;
				GCC_C_LANGUAGE_STANDARD = gnu11;
				GCC_DYNAMIC_NO_PIC = NO;
				GCC_NO_COMMON_BLOCKS = YES;
				GCC_OPTIMIZATION_LEVEL = 0;
				GCC_PREPROCESSOR_DEFINITIONS = (
					"DEBUG=1",
					"$(inherited)",
				);
				GCC_WARN_64_TO_32_BIT_CONVERSION = YES;
				GCC_WARN_ABOUT_RETURN_TYPE = YES_ERROR;
				GCC_WARN_UNDECLARED_SELECTOR = YES;
				GCC_WARN_UNINITIALIZED_AUTOS = YES_AGGRESSIVE;
				GCC_WARN_UNUSED_FUNCTION = YES;
				GCC_WARN_UNUSED_VARIABLE = YES;
				IPHONEOS_DEPLOYMENT_TARGET = 11.4;
				MTL_ENABLE_DEBUG_INFO = INCLUDE_SOURCE;
				MTL_FAST_MATH = YES;
				ONLY_ACTIVE_ARCH = YES;
				SDKROOT = iphoneos;
				SWIFT_ACTIVE_COMPILATION_CONDITIONS = DEBUG;
				SWIFT_OPTIMIZATION_LEVEL = "-Onone";
			};
			name = Debug;
		};
		111CBA2B25B5FBDA005EED7E /* Release */ = {
			isa = XCBuildConfiguration;
			buildSettings = {
				ALWAYS_SEARCH_USER_PATHS = NO;
				CLANG_ANALYZER_NONNULL = YES;
				CLANG_ANALYZER_NUMBER_OBJECT_CONVERSION = YES_AGGRESSIVE;
				CLANG_CXX_LANGUAGE_STANDARD = "gnu++14";
				CLANG_CXX_LIBRARY = "libc++";
				CLANG_ENABLE_MODULES = YES;
				CLANG_ENABLE_OBJC_ARC = YES;
				CLANG_ENABLE_OBJC_WEAK = YES;
				CLANG_WARN_BLOCK_CAPTURE_AUTORELEASING = YES;
				CLANG_WARN_BOOL_CONVERSION = YES;
				CLANG_WARN_COMMA = YES;
				CLANG_WARN_CONSTANT_CONVERSION = YES;
				CLANG_WARN_DEPRECATED_OBJC_IMPLEMENTATIONS = YES;
				CLANG_WARN_DIRECT_OBJC_ISA_USAGE = YES_ERROR;
				CLANG_WARN_DOCUMENTATION_COMMENTS = YES;
				CLANG_WARN_EMPTY_BODY = YES;
				CLANG_WARN_ENUM_CONVERSION = YES;
				CLANG_WARN_INFINITE_RECURSION = YES;
				CLANG_WARN_INT_CONVERSION = YES;
				CLANG_WARN_NON_LITERAL_NULL_CONVERSION = YES;
				CLANG_WARN_OBJC_IMPLICIT_RETAIN_SELF = YES;
				CLANG_WARN_OBJC_LITERAL_CONVERSION = YES;
				CLANG_WARN_OBJC_ROOT_CLASS = YES_ERROR;
				CLANG_WARN_QUOTED_INCLUDE_IN_FRAMEWORK_HEADER = YES;
				CLANG_WARN_RANGE_LOOP_ANALYSIS = YES;
				CLANG_WARN_STRICT_PROTOTYPES = YES;
				CLANG_WARN_SUSPICIOUS_MOVE = YES;
				CLANG_WARN_UNGUARDED_AVAILABILITY = YES_AGGRESSIVE;
				CLANG_WARN_UNREACHABLE_CODE = YES;
				CLANG_WARN__DUPLICATE_METHOD_MATCH = YES;
				COPY_PHASE_STRIP = NO;
				DEBUG_INFORMATION_FORMAT = "dwarf-with-dsym";
				ENABLE_NS_ASSERTIONS = NO;
				ENABLE_STRICT_OBJC_MSGSEND = YES;
				GCC_C_LANGUAGE_STANDARD = gnu11;
				GCC_NO_COMMON_BLOCKS = YES;
				GCC_WARN_64_TO_32_BIT_CONVERSION = YES;
				GCC_WARN_ABOUT_RETURN_TYPE = YES_ERROR;
				GCC_WARN_UNDECLARED_SELECTOR = YES;
				GCC_WARN_UNINITIALIZED_AUTOS = YES_AGGRESSIVE;
				GCC_WARN_UNUSED_FUNCTION = YES;
				GCC_WARN_UNUSED_VARIABLE = YES;
				IPHONEOS_DEPLOYMENT_TARGET = 11.4;
				MTL_ENABLE_DEBUG_INFO = NO;
				MTL_FAST_MATH = YES;
				SDKROOT = iphoneos;
				SWIFT_COMPILATION_MODE = wholemodule;
				SWIFT_OPTIMIZATION_LEVEL = "-O";
				VALIDATE_PRODUCT = YES;
			};
			name = Release;
		};
		111CBA2D25B5FBDA005EED7E /* Debug */ = {
			isa = XCBuildConfiguration;
			buildSettings = {
				ASSETCATALOG_COMPILER_APPICON_NAME = AppIcon;
				ASSETCATALOG_COMPILER_GLOBAL_ACCENT_COLOR_NAME = AccentColor;
				CODE_SIGN_STYLE = Automatic;
				DEVELOPMENT_TEAM = SZ46K2Z6E6;
				INFOPLIST_FILE = PanelDrawer/Info.plist;
				IPHONEOS_DEPLOYMENT_TARGET = 11.4;
				LD_RUNPATH_SEARCH_PATHS = (
					"$(inherited)",
					"@executable_path/Frameworks",
				);
				PRODUCT_BUNDLE_IDENTIFIER = com.amashtay.PanelDrawer;
				PRODUCT_NAME = "$(TARGET_NAME)";
				SWIFT_VERSION = 5.0;
				TARGETED_DEVICE_FAMILY = "1,2";
			};
			name = Debug;
		};
		111CBA2E25B5FBDA005EED7E /* Release */ = {
			isa = XCBuildConfiguration;
			buildSettings = {
				ASSETCATALOG_COMPILER_APPICON_NAME = AppIcon;
				ASSETCATALOG_COMPILER_GLOBAL_ACCENT_COLOR_NAME = AccentColor;
				CODE_SIGN_STYLE = Automatic;
				DEVELOPMENT_TEAM = SZ46K2Z6E6;
				INFOPLIST_FILE = PanelDrawer/Info.plist;
				IPHONEOS_DEPLOYMENT_TARGET = 11.4;
				LD_RUNPATH_SEARCH_PATHS = (
					"$(inherited)",
					"@executable_path/Frameworks",
				);
				PRODUCT_BUNDLE_IDENTIFIER = com.amashtay.PanelDrawer;
				PRODUCT_NAME = "$(TARGET_NAME)";
				SWIFT_VERSION = 5.0;
				TARGETED_DEVICE_FAMILY = "1,2";
			};
			name = Release;
		};
/* End XCBuildConfiguration section */

/* Begin XCConfigurationList section */
		111CBA1325B5FBDA005EED7E /* Build configuration list for PBXProject "PanelDrawer" */ = {
			isa = XCConfigurationList;
			buildConfigurations = (
				111CBA2A25B5FBDA005EED7E /* Debug */,
				111CBA2B25B5FBDA005EED7E /* Release */,
			);
			defaultConfigurationIsVisible = 0;
			defaultConfigurationName = Release;
		};
		111CBA2C25B5FBDA005EED7E /* Build configuration list for PBXNativeTarget "PanelDrawer" */ = {
			isa = XCConfigurationList;
			buildConfigurations = (
				111CBA2D25B5FBDA005EED7E /* Debug */,
				111CBA2E25B5FBDA005EED7E /* Release */,
			);
			defaultConfigurationIsVisible = 0;
			defaultConfigurationName = Release;
		};
/* End XCConfigurationList section */
	};
	rootObject = 111CBA1025B5FBDA005EED7E /* Project object */;
}
